
Microsoft Visual Studio Solution File, Format Version 12.00
# Visual Studio Version 17
VisualStudioVersion = 17.5.002.0
MinimumVisualStudioVersion = 10.0.40219.1
Project("{2150E333-8FDC-42A3-9474-1A3956D46DE8}") = "csharp-prep", "csharp-prep", "{5926C760-BAC0-4C92-887A-9ADF20F26667}"
EndProject
Project("{9A19103F-16F7-4668-BE54-9A1E7A4F7556}") = "Prep1", "csharp-prep\Prep1\Prep1.csproj", "{5147D436-2032-4673-B3AE-C31629CB84AC}"
EndProject
Project("{9A19103F-16F7-4668-BE54-9A1E7A4F7556}") = "Prep2", "csharp-prep\Prep2\Prep2.csproj", "{A793FDB4-F836-4AF7-BDC5-0659FFF78D5C}"
EndProject
Project("{9A19103F-16F7-4668-BE54-9A1E7A4F7556}") = "Prep3", "csharp-prep\Prep3\Prep3.csproj", "{C6A45240-1599-443C-ADC9-51C0B139C6AF}"
EndProject
Project("{9A19103F-16F7-4668-BE54-9A1E7A4F7556}") = "Prep4", "csharp-prep\Prep4\Prep4.csproj", "{68CECE38-2A2F-46B6-A8FF-379E9009911E}"
EndProject
Project("{9A19103F-16F7-4668-BE54-9A1E7A4F7556}") = "Prep5", "csharp-prep\Prep5\Prep5.csproj", "{1DAE0583-E9E4-4B44-9F33-7C47862DB2FB}"
EndProject
Project("{2150E333-8FDC-42A3-9474-1A3956D46DE8}") = "final", "final", "{948C5AC5-7E1A-4DCA-9CBD-9C02DA498E62}"
EndProject
Project("{9A19103F-16F7-4668-BE54-9A1E7A4F7556}") = "FinalProject", "final\FinalProject\FinalProject.csproj", "{3204FF91-D277-4BE8-B513-A9C0699E53CF}"
EndProject
Project("{9A19103F-16F7-4668-BE54-9A1E7A4F7556}") = "Foundation1", "final\Foundation1\Foundation1.csproj", "{674A698F-51CD-412C-A142-2492DF157015}"
EndProject
Project("{9A19103F-16F7-4668-BE54-9A1E7A4F7556}") = "Foundation2", "final\Foundation2\Foundation2.csproj", "{C98E8D3B-E98C-4929-9D99-37078AAA003F}"
EndProject
Project("{9A19103F-16F7-4668-BE54-9A1E7A4F7556}") = "Foundation3", "final\Foundation3\Foundation3.csproj", "{3FF7E135-AABD-416A-A8B4-87C2795B5F1C}"
EndProject
Project("{9A19103F-16F7-4668-BE54-9A1E7A4F7556}") = "Foundation4", "final\Foundation4\Foundation4.csproj", "{6D471012-F3E7-44D5-A943-EC1EA460EFC1}"
EndProject
Project("{2150E333-8FDC-42A3-9474-1A3956D46DE8}") = "prepare", "prepare", "{F712F121-841F-4FC4-A56F-C538809CBB8A}"
EndProject
Project("{9A19103F-16F7-4668-BE54-9A1E7A4F7556}") = "Learning02", "prepare\Learning02\Learning02.csproj", "{AAC8FA80-44E9-4B45-86A9-C58129893694}"
EndProject
Project("{9A19103F-16F7-4668-BE54-9A1E7A4F7556}") = "Learning03", "prepare\Learning03\Learning03.csproj", "{E0382673-D4C5-44E4-BB31-1A3F18BCCFE7}"
EndProject
Project("{9A19103F-16F7-4668-BE54-9A1E7A4F7556}") = "Learning04", "prepare\Learning04\Learning04.csproj", "{0509D7AB-C165-4911-ACE3-7933BAE0FDBF}"
EndProject
Project("{9A19103F-16F7-4668-BE54-9A1E7A4F7556}") = "Learning05", "prepare\Learning05\Learning05.csproj", "{B2AFAFBB-6813-4C8C-84D8-62338C4A7140}"
EndProject
Project("{2150E333-8FDC-42A3-9474-1A3956D46DE8}") = "prove", "prove", "{5A63518D-34E6-43D8-84DC-3B079A26FE90}"
EndProject
Project("{9A19103F-16F7-4668-BE54-9A1E7A4F7556}") = "Develop02", "prove\Develop02\Develop02.csproj", "{3CADD9DC-6FE7-4D0F-AA64-9D2FC25711BB}"
EndProject
Project("{9A19103F-16F7-4668-BE54-9A1E7A4F7556}") = "Develop03", "prove\Develop03\Develop03.csproj", "{D541DEC8-D39E-4714-B055-427EB5735B15}"
EndProject
Project("{9A19103F-16F7-4668-BE54-9A1E7A4F7556}") = "Develop04", "prove\Develop04\Develop04.csproj", "{F9DABC22-246D-44F7-B392-BD9F28ED2646}"
EndProject
Project("{9A19103F-16F7-4668-BE54-9A1E7A4F7556}") = "Develop05", "prove\Develop05\Develop05.csproj", "{C340F1DF-B633-45D0-A2A9-662C489E8A14}"
EndProject
Project("{2150E333-8FDC-42A3-9474-1A3956D46DE8}") = "sandbox", "sandbox", "{E889E9C3-DE47-4A70-AEB3-58726854E0D9}"
EndProject
Project("{9A19103F-16F7-4668-BE54-9A1E7A4F7556}") = "Sandbox", "sandbox\Sandbox\Sandbox.csproj", "{2387846F-8E7F-49C5-AE38-9732ACDFE440}"
EndProject
Global
	GlobalSection(SolutionConfigurationPlatforms) = preSolution
		Debug|Any CPU = Debug|Any CPU
		Release|Any CPU = Release|Any CPU
	EndGlobalSection
	GlobalSection(ProjectConfigurationPlatforms) = postSolution
		{5147D436-2032-4673-B3AE-C31629CB84AC}.Debug|Any CPU.ActiveCfg = Debug|Any CPU
		{5147D436-2032-4673-B3AE-C31629CB84AC}.Debug|Any CPU.Build.0 = Debug|Any CPU
		{5147D436-2032-4673-B3AE-C31629CB84AC}.Release|Any CPU.ActiveCfg = Release|Any CPU
		{5147D436-2032-4673-B3AE-C31629CB84AC}.Release|Any CPU.Build.0 = Release|Any CPU
		{A793FDB4-F836-4AF7-BDC5-0659FFF78D5C}.Debug|Any CPU.ActiveCfg = Debug|Any CPU
		{A793FDB4-F836-4AF7-BDC5-0659FFF78D5C}.Debug|Any CPU.Build.0 = Debug|Any CPU
		{A793FDB4-F836-4AF7-BDC5-0659FFF78D5C}.Release|Any CPU.ActiveCfg = Release|Any CPU
		{A793FDB4-F836-4AF7-BDC5-0659FFF78D5C}.Release|Any CPU.Build.0 = Release|Any CPU
		{C6A45240-1599-443C-ADC9-51C0B139C6AF}.Debug|Any CPU.ActiveCfg = Debug|Any CPU
		{C6A45240-1599-443C-ADC9-51C0B139C6AF}.Debug|Any CPU.Build.0 = Debug|Any CPU
		{C6A45240-1599-443C-ADC9-51C0B139C6AF}.Release|Any CPU.ActiveCfg = Release|Any CPU
		{C6A45240-1599-443C-ADC9-51C0B139C6AF}.Release|Any CPU.Build.0 = Release|Any CPU
		{68CECE38-2A2F-46B6-A8FF-379E9009911E}.Debug|Any CPU.ActiveCfg = Debug|Any CPU
		{68CECE38-2A2F-46B6-A8FF-379E9009911E}.Debug|Any CPU.Build.0 = Debug|Any CPU
		{68CECE38-2A2F-46B6-A8FF-379E9009911E}.Release|Any CPU.ActiveCfg = Release|Any CPU
		{68CECE38-2A2F-46B6-A8FF-379E9009911E}.Release|Any CPU.Build.0 = Release|Any CPU
		{1DAE0583-E9E4-4B44-9F33-7C47862DB2FB}.Debug|Any CPU.ActiveCfg = Debug|Any CPU
		{1DAE0583-E9E4-4B44-9F33-7C47862DB2FB}.Debug|Any CPU.Build.0 = Debug|Any CPU
		{1DAE0583-E9E4-4B44-9F33-7C47862DB2FB}.Release|Any CPU.ActiveCfg = Release|Any CPU
		{1DAE0583-E9E4-4B44-9F33-7C47862DB2FB}.Release|Any CPU.Build.0 = Release|Any CPU
		{3204FF91-D277-4BE8-B513-A9C0699E53CF}.Debug|Any CPU.ActiveCfg = Debug|Any CPU
		{3204FF91-D277-4BE8-B513-A9C0699E53CF}.Debug|Any CPU.Build.0 = Debug|Any CPU
		{3204FF91-D277-4BE8-B513-A9C0699E53CF}.Release|Any CPU.ActiveCfg = Release|Any CPU
		{3204FF91-D277-4BE8-B513-A9C0699E53CF}.Release|Any CPU.Build.0 = Release|Any CPU
		{674A698F-51CD-412C-A142-2492DF157015}.Debug|Any CPU.ActiveCfg = Debug|Any CPU
		{674A698F-51CD-412C-A142-2492DF157015}.Debug|Any CPU.Build.0 = Debug|Any CPU
		{674A698F-51CD-412C-A142-2492DF157015}.Release|Any CPU.ActiveCfg = Release|Any CPU
		{674A698F-51CD-412C-A142-2492DF157015}.Release|Any CPU.Build.0 = Release|Any CPU
		{C98E8D3B-E98C-4929-9D99-37078AAA003F}.Debug|Any CPU.ActiveCfg = Debug|Any CPU
		{C98E8D3B-E98C-4929-9D99-37078AAA003F}.Debug|Any CPU.Build.0 = Debug|Any CPU
		{C98E8D3B-E98C-4929-9D99-37078AAA003F}.Release|Any CPU.ActiveCfg = Release|Any CPU
		{C98E8D3B-E98C-4929-9D99-37078AAA003F}.Release|Any CPU.Build.0 = Release|Any CPU
		{3FF7E135-AABD-416A-A8B4-87C2795B5F1C}.Debug|Any CPU.ActiveCfg = Debug|Any CPU
		{3FF7E135-AABD-416A-A8B4-87C2795B5F1C}.Debug|Any CPU.Build.0 = Debug|Any CPU
		{3FF7E135-AABD-416A-A8B4-87C2795B5F1C}.Release|Any CPU.ActiveCfg = Release|Any CPU
		{3FF7E135-AABD-416A-A8B4-87C2795B5F1C}.Release|Any CPU.Build.0 = Release|Any CPU
		{6D471012-F3E7-44D5-A943-EC1EA460EFC1}.Debug|Any CPU.ActiveCfg = Debug|Any CPU
		{6D471012-F3E7-44D5-A943-EC1EA460EFC1}.Debug|Any CPU.Build.0 = Debug|Any CPU
		{6D471012-F3E7-44D5-A943-EC1EA460EFC1}.Release|Any CPU.ActiveCfg = Release|Any CPU
		{6D471012-F3E7-44D5-A943-EC1EA460EFC1}.Release|Any CPU.Build.0 = Release|Any CPU
		{AAC8FA80-44E9-4B45-86A9-C58129893694}.Debug|Any CPU.ActiveCfg = Debug|Any CPU
		{AAC8FA80-44E9-4B45-86A9-C58129893694}.Debug|Any CPU.Build.0 = Debug|Any CPU
		{AAC8FA80-44E9-4B45-86A9-C58129893694}.Release|Any CPU.ActiveCfg = Release|Any CPU
		{AAC8FA80-44E9-4B45-86A9-C58129893694}.Release|Any CPU.Build.0 = Release|Any CPU
		{E0382673-D4C5-44E4-BB31-1A3F18BCCFE7}.Debug|Any CPU.ActiveCfg = Debug|Any CPU
		{E0382673-D4C5-44E4-BB31-1A3F18BCCFE7}.Debug|Any CPU.Build.0 = Debug|Any CPU
		{E0382673-D4C5-44E4-BB31-1A3F18BCCFE7}.Release|Any CPU.ActiveCfg = Release|Any CPU
		{E0382673-D4C5-44E4-BB31-1A3F18BCCFE7}.Release|Any CPU.Build.0 = Release|Any CPU
		{0509D7AB-C165-4911-ACE3-7933BAE0FDBF}.Debug|Any CPU.ActiveCfg = Debug|Any CPU
		{0509D7AB-C165-4911-ACE3-7933BAE0FDBF}.Debug|Any CPU.Build.0 = Debug|Any CPU
		{0509D7AB-C165-4911-ACE3-7933BAE0FDBF}.Release|Any CPU.ActiveCfg = Release|Any CPU
		{0509D7AB-C165-4911-ACE3-7933BAE0FDBF}.Release|Any CPU.Build.0 = Release|Any CPU
		{B2AFAFBB-6813-4C8C-84D8-62338C4A7140}.Debug|Any CPU.ActiveCfg = Debug|Any CPU
		{B2AFAFBB-6813-4C8C-84D8-62338C4A7140}.Debug|Any CPU.Build.0 = Debug|Any CPU
		{B2AFAFBB-6813-4C8C-84D8-62338C4A7140}.Release|Any CPU.ActiveCfg = Release|Any CPU
		{B2AFAFBB-6813-4C8C-84D8-62338C4A7140}.Release|Any CPU.Build.0 = Release|Any CPU
		{3CADD9DC-6FE7-4D0F-AA64-9D2FC25711BB}.Debug|Any CPU.ActiveCfg = Debug|Any CPU
		{3CADD9DC-6FE7-4D0F-AA64-9D2FC25711BB}.Debug|Any CPU.Build.0 = Debug|Any CPU
		{3CADD9DC-6FE7-4D0F-AA64-9D2FC25711BB}.Release|Any CPU.ActiveCfg = Release|Any CPU
		{3CADD9DC-6FE7-4D0F-AA64-9D2FC25711BB}.Release|Any CPU.Build.0 = Release|Any CPU
		{D541DEC8-D39E-4714-B055-427EB5735B15}.Debug|Any CPU.ActiveCfg = Debug|Any CPU
		{D541DEC8-D39E-4714-B055-427EB5735B15}.Debug|Any CPU.Build.0 = Debug|Any CPU
		{D541DEC8-D39E-4714-B055-427EB5735B15}.Release|Any CPU.ActiveCfg = Release|Any CPU
		{D541DEC8-D39E-4714-B055-427EB5735B15}.Release|Any CPU.Build.0 = Release|Any CPU
		{F9DABC22-246D-44F7-B392-BD9F28ED2646}.Debug|Any CPU.ActiveCfg = Debug|Any CPU
		{F9DABC22-246D-44F7-B392-BD9F28ED2646}.Debug|Any CPU.Build.0 = Debug|Any CPU
		{F9DABC22-246D-44F7-B392-BD9F28ED2646}.Release|Any CPU.ActiveCfg = Release|Any CPU
		{F9DABC22-246D-44F7-B392-BD9F28ED2646}.Release|Any CPU.Build.0 = Release|Any CPU
		{C340F1DF-B633-45D0-A2A9-662C489E8A14}.Debug|Any CPU.ActiveCfg = Debug|Any CPU
		{C340F1DF-B633-45D0-A2A9-662C489E8A14}.Debug|Any CPU.Build.0 = Debug|Any CPU
		{C340F1DF-B633-45D0-A2A9-662C489E8A14}.Release|Any CPU.ActiveCfg = Release|Any CPU
		{C340F1DF-B633-45D0-A2A9-662C489E8A14}.Release|Any CPU.Build.0 = Release|Any CPU
		{2387846F-8E7F-49C5-AE38-9732ACDFE440}.Debug|Any CPU.ActiveCfg = Debug|Any CPU
		{2387846F-8E7F-49C5-AE38-9732ACDFE440}.Debug|Any CPU.Build.0 = Debug|Any CPU
		{2387846F-8E7F-49C5-AE38-9732ACDFE440}.Release|Any CPU.ActiveCfg = Release|Any CPU
		{2387846F-8E7F-49C5-AE38-9732ACDFE440}.Release|Any CPU.Build.0 = Release|Any CPU
	EndGlobalSection
	GlobalSection(SolutionProperties) = preSolution
		HideSolutionNode = FALSE
	EndGlobalSection
	GlobalSection(NestedProjects) = preSolution
		{5147D436-2032-4673-B3AE-C31629CB84AC} = {5926C760-BAC0-4C92-887A-9ADF20F26667}
		{A793FDB4-F836-4AF7-BDC5-0659FFF78D5C} = {5926C760-BAC0-4C92-887A-9ADF20F26667}
		{C6A45240-1599-443C-ADC9-51C0B139C6AF} = {5926C760-BAC0-4C92-887A-9ADF20F26667}
		{68CECE38-2A2F-46B6-A8FF-379E9009911E} = {5926C760-BAC0-4C92-887A-9ADF20F26667}
		{1DAE0583-E9E4-4B44-9F33-7C47862DB2FB} = {5926C760-BAC0-4C92-887A-9ADF20F26667}
		{3204FF91-D277-4BE8-B513-A9C0699E53CF} = {948C5AC5-7E1A-4DCA-9CBD-9C02DA498E62}
		{674A698F-51CD-412C-A142-2492DF157015} = {948C5AC5-7E1A-4DCA-9CBD-9C02DA498E62}
		{C98E8D3B-E98C-4929-9D99-37078AAA003F} = {948C5AC5-7E1A-4DCA-9CBD-9C02DA498E62}
		{3FF7E135-AABD-416A-A8B4-87C2795B5F1C} = {948C5AC5-7E1A-4DCA-9CBD-9C02DA498E62}
		{6D471012-F3E7-44D5-A943-EC1EA460EFC1} = {948C5AC5-7E1A-4DCA-9CBD-9C02DA498E62}
		{AAC8FA80-44E9-4B45-86A9-C58129893694} = {F712F121-841F-4FC4-A56F-C538809CBB8A}
		{E0382673-D4C5-44E4-BB31-1A3F18BCCFE7} = {F712F121-841F-4FC4-A56F-C538809CBB8A}
		{0509D7AB-C165-4911-ACE3-7933BAE0FDBF} = {F712F121-841F-4FC4-A56F-C538809CBB8A}
		{B2AFAFBB-6813-4C8C-84D8-62338C4A7140} = {F712F121-841F-4FC4-A56F-C538809CBB8A}
		{3CADD9DC-6FE7-4D0F-AA64-9D2FC25711BB} = {5A63518D-34E6-43D8-84DC-3B079A26FE90}
		{D541DEC8-D39E-4714-B055-427EB5735B15} = {5A63518D-34E6-43D8-84DC-3B079A26FE90}
		{F9DABC22-246D-44F7-B392-BD9F28ED2646} = {5A63518D-34E6-43D8-84DC-3B079A26FE90}
		{C340F1DF-B633-45D0-A2A9-662C489E8A14} = {5A63518D-34E6-43D8-84DC-3B079A26FE90}
		{2387846F-8E7F-49C5-AE38-9732ACDFE440} = {E889E9C3-DE47-4A70-AEB3-58726854E0D9}
	EndGlobalSection
	GlobalSection(ExtensibilityGlobals) = postSolution
		SolutionGuid = {DF953CB6-BEF9-4152-8AD5-6DC817243827}
	EndGlobalSection
EndGlobal
